
Microsoft Visual Studio Solution File, Format Version 12.00
# Visual Studio Version 16
VisualStudioVersion = 16.0.29411.108
MinimumVisualStudioVersion = 10.0.40219.1
Project("{FAE04EC0-301F-11D3-BF4B-00C04F79EFBC}") = "ContactCA.Api", "ContactCA.Api\ContactCA.Api.csproj", "{0E331DC7-912F-49DA-A490-045009C660B1}"
EndProject
Project("{FAE04EC0-301F-11D3-BF4B-00C04F79EFBC}") = "ContactCA.Api.Tests", "ContactCA.Api.Tests\ContactCA.Api.Tests.csproj", "{A2652D4D-D881-4B43-AA7A-853A4A201257}"
EndProject
Project("{FAE04EC0-301F-11D3-BF4B-00C04F79EFBC}") = "ContactCA.Data", "ContactCA.Data\ContactCA.Data.csproj", "{08BCF945-2530-4243-8215-769FB0CEB558}"
EndProject
Project("{FAE04EC0-301F-11D3-BF4B-00C04F79EFBC}") = "AppCore", "AppCore\AppCore.csproj", "{36891652-690F-4531-8226-40E925C215AB}"
EndProject
Project("{2150E333-8FDC-42A3-9474-1A3956D46DE8}") = "Tests", "Tests", "{D0DCA6A0-22BD-4AAE-A2A9-333820CAE3CB}"
EndProject
Global
	GlobalSection(SolutionConfigurationPlatforms) = preSolution
		Debug|Any CPU = Debug|Any CPU
		Release|Any CPU = Release|Any CPU
	EndGlobalSection
	GlobalSection(ProjectConfigurationPlatforms) = postSolution
		{0E331DC7-912F-49DA-A490-045009C660B1}.Debug|Any CPU.ActiveCfg = Debug|Any CPU
		{0E331DC7-912F-49DA-A490-045009C660B1}.Debug|Any CPU.Build.0 = Debug|Any CPU
		{0E331DC7-912F-49DA-A490-045009C660B1}.Release|Any CPU.ActiveCfg = Release|Any CPU
		{0E331DC7-912F-49DA-A490-045009C660B1}.Release|Any CPU.Build.0 = Release|Any CPU
		{A2652D4D-D881-4B43-AA7A-853A4A201257}.Debug|Any CPU.ActiveCfg = Debug|Any CPU
		{A2652D4D-D881-4B43-AA7A-853A4A201257}.Debug|Any CPU.Build.0 = Debug|Any CPU
		{A2652D4D-D881-4B43-AA7A-853A4A201257}.Release|Any CPU.ActiveCfg = Release|Any CPU
		{A2652D4D-D881-4B43-AA7A-853A4A201257}.Release|Any CPU.Build.0 = Release|Any CPU
		{08BCF945-2530-4243-8215-769FB0CEB558}.Debug|Any CPU.ActiveCfg = Debug|Any CPU
		{08BCF945-2530-4243-8215-769FB0CEB558}.Debug|Any CPU.Build.0 = Debug|Any CPU
		{08BCF945-2530-4243-8215-769FB0CEB558}.Release|Any CPU.ActiveCfg = Release|Any CPU
		{08BCF945-2530-4243-8215-769FB0CEB558}.Release|Any CPU.Build.0 = Release|Any CPU
		{36891652-690F-4531-8226-40E925C215AB}.Debug|Any CPU.ActiveCfg = Debug|Any CPU
		{36891652-690F-4531-8226-40E925C215AB}.Debug|Any CPU.Build.0 = Debug|Any CPU
		{36891652-690F-4531-8226-40E925C215AB}.Release|Any CPU.ActiveCfg = Release|Any CPU
		{36891652-690F-4531-8226-40E925C215AB}.Release|Any CPU.Build.0 = Release|Any CPU
	EndGlobalSection
	GlobalSection(SolutionProperties) = preSolution
		HideSolutionNode = FALSE
	EndGlobalSection
	GlobalSection(NestedProjects) = preSolution
		{A2652D4D-D881-4B43-AA7A-853A4A201257} = {D0DCA6A0-22BD-4AAE-A2A9-333820CAE3CB}
	EndGlobalSection
	GlobalSection(ExtensibilityGlobals) = postSolution
		SolutionGuid = {A4A0097E-7087-4E4D-A434-34CA8C6E14B6}
	EndGlobalSection
EndGlobal
